
Microsoft Visual Studio Solution File, Format Version 12.00
# Visual Studio Version 17
VisualStudioVersion = 17.3.32929.385
MinimumVisualStudioVersion = 10.0.40219.1
Project("{FAE04EC0-301F-11D3-BF4B-00C04F79EFBC}") = "RevitAPITraining_2021_Task2_3", "RevitAPITraining_2021_Task2_3\RevitAPITraining_2021_Task2_3.csproj", "{723AAE6F-7BC6-4A71-A5C8-8EA6D7DD2CB2}"
EndProject
Global
	GlobalSection(SolutionConfigurationPlatforms) = preSolution
		Debug|Any CPU = Debug|Any CPU
		Release|Any CPU = Release|Any CPU
	EndGlobalSection
	GlobalSection(ProjectConfigurationPlatforms) = postSolution
		{723AAE6F-7BC6-4A71-A5C8-8EA6D7DD2CB2}.Debug|Any CPU.ActiveCfg = Debug|Any CPU
		{723AAE6F-7BC6-4A71-A5C8-8EA6D7DD2CB2}.Debug|Any CPU.Build.0 = Debug|Any CPU
		{723AAE6F-7BC6-4A71-A5C8-8EA6D7DD2CB2}.Release|Any CPU.ActiveCfg = Release|Any CPU
		{723AAE6F-7BC6-4A71-A5C8-8EA6D7DD2CB2}.Release|Any CPU.Build.0 = Release|Any CPU
	EndGlobalSection
	GlobalSection(SolutionProperties) = preSolution
		HideSolutionNode = FALSE
	EndGlobalSection
	GlobalSection(ExtensibilityGlobals) = postSolution
		SolutionGuid = {9A744A4F-7439-47E1-808E-DD75C55FEACD}
	EndGlobalSection
EndGlobal
